
Microsoft Visual Studio Solution File, Format Version 12.00
# Visual Studio Version 16
VisualStudioVersion = 16.0.31729.503
MinimumVisualStudioVersion = 10.0.40219.1
Project("{FAE04EC0-301F-11D3-BF4B-00C04F79EFBC}") = "HomeWork6_1", "HomeWork6_1\HomeWork6_1.csproj", "{D65AAF33-0619-4E93-8850-F4B008916A78}"
EndProject
Project("{FAE04EC0-301F-11D3-BF4B-00C04F79EFBC}") = "HomeWork6_2", "HomeWork6_2\HomeWork6_2.csproj", "{366CFEA2-978C-41C7-B039-6BE361178DFE}"
EndProject
Project("{FAE04EC0-301F-11D3-BF4B-00C04F79EFBC}") = "HomeWork6_3", "HomeWork6_3\HomeWork6_3.csproj", "{12915C1C-0FA8-4BAA-ACEA-8A9B2DEAE94A}"
EndProject
Global
	GlobalSection(SolutionConfigurationPlatforms) = preSolution
		Debug|Any CPU = Debug|Any CPU
		Release|Any CPU = Release|Any CPU
	EndGlobalSection
	GlobalSection(ProjectConfigurationPlatforms) = postSolution
		{D65AAF33-0619-4E93-8850-F4B008916A78}.Debug|Any CPU.ActiveCfg = Debug|Any CPU
		{D65AAF33-0619-4E93-8850-F4B008916A78}.Debug|Any CPU.Build.0 = Debug|Any CPU
		{D65AAF33-0619-4E93-8850-F4B008916A78}.Release|Any CPU.ActiveCfg = Release|Any CPU
		{D65AAF33-0619-4E93-8850-F4B008916A78}.Release|Any CPU.Build.0 = Release|Any CPU
		{366CFEA2-978C-41C7-B039-6BE361178DFE}.Debug|Any CPU.ActiveCfg = Debug|Any CPU
		{366CFEA2-978C-41C7-B039-6BE361178DFE}.Debug|Any CPU.Build.0 = Debug|Any CPU
		{366CFEA2-978C-41C7-B039-6BE361178DFE}.Release|Any CPU.ActiveCfg = Release|Any CPU
		{366CFEA2-978C-41C7-B039-6BE361178DFE}.Release|Any CPU.Build.0 = Release|Any CPU
		{12915C1C-0FA8-4BAA-ACEA-8A9B2DEAE94A}.Debug|Any CPU.ActiveCfg = Debug|Any CPU
		{12915C1C-0FA8-4BAA-ACEA-8A9B2DEAE94A}.Debug|Any CPU.Build.0 = Debug|Any CPU
		{12915C1C-0FA8-4BAA-ACEA-8A9B2DEAE94A}.Release|Any CPU.ActiveCfg = Release|Any CPU
		{12915C1C-0FA8-4BAA-ACEA-8A9B2DEAE94A}.Release|Any CPU.Build.0 = Release|Any CPU
	EndGlobalSection
	GlobalSection(SolutionProperties) = preSolution
		HideSolutionNode = FALSE
	EndGlobalSection
	GlobalSection(ExtensibilityGlobals) = postSolution
		SolutionGuid = {A5415C3C-BA92-4DA3-B329-FCD2D41FD944}
	EndGlobalSection
EndGlobal
